{
  "name": "es4x-demo",
  "version": "1.0.0",
  "lockfileVersion": 1,
  "requires": true,
  "dependencies": {
    "@es4x/create": {
      "version": "0.14.0",
      "resolved": "https://registry.npmjs.org/@es4x/create/-/create-0.14.0.tgz",
      "integrity": "sha512-PUnEfUCZWA1SJI9k4Ra4CXL/QDW9F3wzQhZY9jfIE5y+o54aI1xf2uDjkcwi/HJtRNC3RfON2EjS1i6j6FnpgA==",
      "dev": true
    },
    "@vertx/core": {
      "version": "4.0.0",
      "resolved": "https://registry.npmjs.org/@vertx/core/-/core-4.0.0.tgz",
      "integrity": "sha512-CvHJk5r4Y/K+WVu7vV28KmPmgZ3kpjqAEk7Vb2J7j5dHnzbG3PX1OmghaAIovDEN3w2XlTR1EzykkfMAuH42+A=="
    },
    "@vertx/unit": {
      "version": "4.0.0",
      "resolved": "https://registry.npmjs.org/@vertx/unit/-/unit-4.0.0.tgz",
      "integrity": "sha512-edVC1GVFPkue/4sCNZI15tp3Y6MSLRsxV23wKWA+/rCwX28ge+ZbSE06404puqsNkeAr27TmcULtooDbgn7agA==",
      "dev": true,
      "requires": {
        "@vertx/core": "4.0.0"
      },
      "dependencies": {
        "@vertx/core": {
          "version": "4.0.0",
          "resolved": "https://registry.npmjs.org/@vertx/core/-/core-4.0.0.tgz",
          "integrity": "sha512-CvHJk5r4Y/K+WVu7vV28KmPmgZ3kpjqAEk7Vb2J7j5dHnzbG3PX1OmghaAIovDEN3w2XlTR1EzykkfMAuH42+A==",
          "dev": true
        }
      }
    }
  }
}
